
Microsoft Visual Studio Solution File, Format Version 12.00
# Visual Studio Version 16
VisualStudioVersion = 16.0.30717.126
MinimumVisualStudioVersion = 10.0.40219.1
Project("{FAE04EC0-301F-11D3-BF4B-00C04F79EFBC}") = "cSharp_variables", "cSharp_variables\cSharp_variables.csproj", "{FB3C8535-4F48-4A9C-A42A-CB31B8B70EC2}"
EndProject
Global
	GlobalSection(SolutionConfigurationPlatforms) = preSolution
		Debug|Any CPU = Debug|Any CPU
		Release|Any CPU = Release|Any CPU
	EndGlobalSection
	GlobalSection(ProjectConfigurationPlatforms) = postSolution
		{FB3C8535-4F48-4A9C-A42A-CB31B8B70EC2}.Debug|Any CPU.ActiveCfg = Debug|Any CPU
		{FB3C8535-4F48-4A9C-A42A-CB31B8B70EC2}.Debug|Any CPU.Build.0 = Debug|Any CPU
		{FB3C8535-4F48-4A9C-A42A-CB31B8B70EC2}.Release|Any CPU.ActiveCfg = Release|Any CPU
		{FB3C8535-4F48-4A9C-A42A-CB31B8B70EC2}.Release|Any CPU.Build.0 = Release|Any CPU
	EndGlobalSection
	GlobalSection(SolutionProperties) = preSolution
		HideSolutionNode = FALSE
	EndGlobalSection
	GlobalSection(ExtensibilityGlobals) = postSolution
		SolutionGuid = {551CFD0D-11D6-4328-B79A-47E8AAA3DD2F}
	EndGlobalSection
EndGlobal
